
Microsoft Visual Studio Solution File, Format Version 12.00
# Visual Studio 2013
VisualStudioVersion = 12.0.31101.0
MinimumVisualStudioVersion = 10.0.40219.1
Project("{FAE04EC0-301F-11D3-BF4B-00C04F79EFBC}") = "ArduinoComunication", "ArduinoComunication\ArduinoComunication.csproj", "{387711DB-BADE-4CC6-91B6-C08E9DAF7534}"
EndProject
Project("{FAE04EC0-301F-11D3-BF4B-00C04F79EFBC}") = "ArduinoComunicationServiceConsoleHost", "ArduinoComunicationServiceConsoleHost\ArduinoComunicationServiceConsoleHost.csproj", "{3E74111B-AE66-4702-8AD2-50C2FDF84774}"
EndProject
Global
	GlobalSection(SolutionConfigurationPlatforms) = preSolution
		Debug|Any CPU = Debug|Any CPU
		Release|Any CPU = Release|Any CPU
	EndGlobalSection
	GlobalSection(ProjectConfigurationPlatforms) = postSolution
		{387711DB-BADE-4CC6-91B6-C08E9DAF7534}.Debug|Any CPU.ActiveCfg = Debug|Any CPU
		{387711DB-BADE-4CC6-91B6-C08E9DAF7534}.Debug|Any CPU.Build.0 = Debug|Any CPU
		{387711DB-BADE-4CC6-91B6-C08E9DAF7534}.Release|Any CPU.ActiveCfg = Release|Any CPU
		{387711DB-BADE-4CC6-91B6-C08E9DAF7534}.Release|Any CPU.Build.0 = Release|Any CPU
		{3E74111B-AE66-4702-8AD2-50C2FDF84774}.Debug|Any CPU.ActiveCfg = Debug|Any CPU
		{3E74111B-AE66-4702-8AD2-50C2FDF84774}.Debug|Any CPU.Build.0 = Debug|Any CPU
		{3E74111B-AE66-4702-8AD2-50C2FDF84774}.Release|Any CPU.ActiveCfg = Release|Any CPU
		{3E74111B-AE66-4702-8AD2-50C2FDF84774}.Release|Any CPU.Build.0 = Release|Any CPU
	EndGlobalSection
	GlobalSection(SolutionProperties) = preSolution
		HideSolutionNode = FALSE
	EndGlobalSection
EndGlobal
