
Microsoft Visual Studio Solution File, Format Version 12.00
# Visual Studio 2013
VisualStudioVersion = 12.0.31101.0
MinimumVisualStudioVersion = 10.0.40219.1
Project("{8BC9CEB8-8B4A-11D0-8D11-00A0C91BC942}") = "Bryggeprogram", "Bryggeprogram.vcxproj", "{56E3C30E-EB0E-45CC-9F97-61098BBDBC62}"
EndProject
Project("{8BC9CEB8-8B4A-11D0-8D11-00A0C91BC942}") = "TemperatureCollector", "..\TemperatureCollector\TemperatureCollector.vcxproj", "{70D03241-75FC-4F5D-9A40-2D4B2EB73799}"
EndProject
Project("{8BC9CEB8-8B4A-11D0-8D11-00A0C91BC942}") = "FlowSensor", "..\FlowSensor\FlowSensor.vcxproj", "{790B7CDD-375E-4391-8444-0574C0F68EDB}"
EndProject
Project("{8BC9CEB8-8B4A-11D0-8D11-00A0C91BC942}") = "FermenterController", "..\FermenterController\FermenterController.vcxproj", "{D0F59641-596A-4EF8-B12E-D0E83A44D176}"
EndProject
Global
	GlobalSection(SolutionConfigurationPlatforms) = preSolution
		Debug|Any CPU = Debug|Any CPU
		Debug|Mixed Platforms = Debug|Mixed Platforms
		Debug|Win32 = Debug|Win32
		Release|Any CPU = Release|Any CPU
		Release|Mixed Platforms = Release|Mixed Platforms
		Release|Win32 = Release|Win32
	EndGlobalSection
	GlobalSection(ProjectConfigurationPlatforms) = postSolution
		{56E3C30E-EB0E-45CC-9F97-61098BBDBC62}.Debug|Any CPU.ActiveCfg = Debug|Win32
		{56E3C30E-EB0E-45CC-9F97-61098BBDBC62}.Debug|Mixed Platforms.ActiveCfg = Release|Win32
		{56E3C30E-EB0E-45CC-9F97-61098BBDBC62}.Debug|Mixed Platforms.Build.0 = Release|Win32
		{56E3C30E-EB0E-45CC-9F97-61098BBDBC62}.Debug|Win32.ActiveCfg = Debug|Win32
		{56E3C30E-EB0E-45CC-9F97-61098BBDBC62}.Debug|Win32.Build.0 = Debug|Win32
		{56E3C30E-EB0E-45CC-9F97-61098BBDBC62}.Release|Any CPU.ActiveCfg = Release|Win32
		{56E3C30E-EB0E-45CC-9F97-61098BBDBC62}.Release|Mixed Platforms.ActiveCfg = Release|Win32
		{56E3C30E-EB0E-45CC-9F97-61098BBDBC62}.Release|Mixed Platforms.Build.0 = Release|Win32
		{56E3C30E-EB0E-45CC-9F97-61098BBDBC62}.Release|Win32.ActiveCfg = Release|Win32
		{56E3C30E-EB0E-45CC-9F97-61098BBDBC62}.Release|Win32.Build.0 = Release|Win32
		{70D03241-75FC-4F5D-9A40-2D4B2EB73799}.Debug|Any CPU.ActiveCfg = Debug|Win32
		{70D03241-75FC-4F5D-9A40-2D4B2EB73799}.Debug|Mixed Platforms.ActiveCfg = Debug|Win32
		{70D03241-75FC-4F5D-9A40-2D4B2EB73799}.Debug|Mixed Platforms.Build.0 = Debug|Win32
		{70D03241-75FC-4F5D-9A40-2D4B2EB73799}.Debug|Win32.ActiveCfg = Debug|Win32
		{70D03241-75FC-4F5D-9A40-2D4B2EB73799}.Debug|Win32.Build.0 = Debug|Win32
		{70D03241-75FC-4F5D-9A40-2D4B2EB73799}.Release|Any CPU.ActiveCfg = Release|Win32
		{70D03241-75FC-4F5D-9A40-2D4B2EB73799}.Release|Mixed Platforms.ActiveCfg = Release|Win32
		{70D03241-75FC-4F5D-9A40-2D4B2EB73799}.Release|Mixed Platforms.Build.0 = Release|Win32
		{70D03241-75FC-4F5D-9A40-2D4B2EB73799}.Release|Win32.ActiveCfg = Release|Win32
		{70D03241-75FC-4F5D-9A40-2D4B2EB73799}.Release|Win32.Build.0 = Release|Win32
		{790B7CDD-375E-4391-8444-0574C0F68EDB}.Debug|Any CPU.ActiveCfg = Debug|Win32
		{790B7CDD-375E-4391-8444-0574C0F68EDB}.Debug|Mixed Platforms.ActiveCfg = Debug|Win32
		{790B7CDD-375E-4391-8444-0574C0F68EDB}.Debug|Mixed Platforms.Build.0 = Debug|Win32
		{790B7CDD-375E-4391-8444-0574C0F68EDB}.Debug|Win32.ActiveCfg = Debug|Win32
		{790B7CDD-375E-4391-8444-0574C0F68EDB}.Debug|Win32.Build.0 = Debug|Win32
		{790B7CDD-375E-4391-8444-0574C0F68EDB}.Release|Any CPU.ActiveCfg = Release|Win32
		{790B7CDD-375E-4391-8444-0574C0F68EDB}.Release|Mixed Platforms.ActiveCfg = Release|Win32
		{790B7CDD-375E-4391-8444-0574C0F68EDB}.Release|Mixed Platforms.Build.0 = Release|Win32
		{790B7CDD-375E-4391-8444-0574C0F68EDB}.Release|Win32.ActiveCfg = Release|Win32
		{790B7CDD-375E-4391-8444-0574C0F68EDB}.Release|Win32.Build.0 = Release|Win32
		{D0F59641-596A-4EF8-B12E-D0E83A44D176}.Debug|Any CPU.ActiveCfg = Debug|Win32
		{D0F59641-596A-4EF8-B12E-D0E83A44D176}.Debug|Mixed Platforms.ActiveCfg = Debug|Win32
		{D0F59641-596A-4EF8-B12E-D0E83A44D176}.Debug|Mixed Platforms.Build.0 = Debug|Win32
		{D0F59641-596A-4EF8-B12E-D0E83A44D176}.Debug|Win32.ActiveCfg = Debug|Win32
		{D0F59641-596A-4EF8-B12E-D0E83A44D176}.Debug|Win32.Build.0 = Debug|Win32
		{D0F59641-596A-4EF8-B12E-D0E83A44D176}.Release|Any CPU.ActiveCfg = Release|Win32
		{D0F59641-596A-4EF8-B12E-D0E83A44D176}.Release|Mixed Platforms.ActiveCfg = Release|Win32
		{D0F59641-596A-4EF8-B12E-D0E83A44D176}.Release|Mixed Platforms.Build.0 = Release|Win32
		{D0F59641-596A-4EF8-B12E-D0E83A44D176}.Release|Win32.ActiveCfg = Release|Win32
		{D0F59641-596A-4EF8-B12E-D0E83A44D176}.Release|Win32.Build.0 = Release|Win32
	EndGlobalSection
	GlobalSection(SolutionProperties) = preSolution
		HideSolutionNode = FALSE
	EndGlobalSection
EndGlobal
